
Microsoft Visual Studio Solution File, Format Version 12.00
# Visual Studio 15
VisualStudioVersion = 15.0.28307.572
MinimumVisualStudioVersion = 10.0.40219.1
Project("{9A19103F-16F7-4668-BE54-9A1E7A4F7556}") = "Flowing", "src\Flowing.csproj", "{8283459B-91C6-424C-9954-ED61C1ECF179}"
EndProject
Project("{9A19103F-16F7-4668-BE54-9A1E7A4F7556}") = "Tests", "tests\Tests.csproj", "{F7B4C47A-0B34-49CD-B3DE-E7C8378C533E}"
EndProject
Global
	GlobalSection(SolutionConfigurationPlatforms) = preSolution
		Debug|Any CPU = Debug|Any CPU
		Release|Any CPU = Release|Any CPU
	EndGlobalSection
	GlobalSection(ProjectConfigurationPlatforms) = postSolution
		{8283459B-91C6-424C-9954-ED61C1ECF179}.Debug|Any CPU.ActiveCfg = Debug|Any CPU
		{8283459B-91C6-424C-9954-ED61C1ECF179}.Debug|Any CPU.Build.0 = Debug|Any CPU
		{8283459B-91C6-424C-9954-ED61C1ECF179}.Release|Any CPU.ActiveCfg = Release|Any CPU
		{8283459B-91C6-424C-9954-ED61C1ECF179}.Release|Any CPU.Build.0 = Release|Any CPU
		{F7B4C47A-0B34-49CD-B3DE-E7C8378C533E}.Debug|Any CPU.ActiveCfg = Debug|Any CPU
		{F7B4C47A-0B34-49CD-B3DE-E7C8378C533E}.Debug|Any CPU.Build.0 = Debug|Any CPU
		{F7B4C47A-0B34-49CD-B3DE-E7C8378C533E}.Release|Any CPU.ActiveCfg = Release|Any CPU
		{F7B4C47A-0B34-49CD-B3DE-E7C8378C533E}.Release|Any CPU.Build.0 = Release|Any CPU
	EndGlobalSection
	GlobalSection(SolutionProperties) = preSolution
		HideSolutionNode = FALSE
	EndGlobalSection
	GlobalSection(ExtensibilityGlobals) = postSolution
		SolutionGuid = {F61BCB7A-A80B-43C9-AA5D-500E18824251}
	EndGlobalSection
EndGlobal
